# This file is autogenerated, do not edit; changes may be undone by the next 'dep ensure'.


[[projects]]
  branch = "master"
  name = "github.com/strengine/core"
  packages = [
    "av",
    "av/avutil",
    "av/pktque",
    "av/pubsub",
    "codec",
    "codec/aacparser",
    "codec/fake",
    "codec/h264parser",
    "format",
    "format/aac",
    "format/flv",
    "format/flv/flvio",
    "format/mp4",
    "format/mp4/mp4io",
    "format/rtmp",
    "format/rtsp",
    "format/rtsp/sdp",
    "format/ts",
    "format/ts/tsio",
    "utils/bits",
    "utils/bits/pio"
  ]
  revision = "155ba2d834b564cbfd8a4974c7fe0feb314ff40d"

[[projects]]
  name = "github.com/urfave/cli"
  packages = ["."]
  revision = "cfb38830724cc34fedffe9a2a29fb54fa9169cd1"
  version = "v1.20.0"

[solve-meta]
  analyzer-name = "dep"
  analyzer-version = 1
  inputs-digest = "deefc3712af1a5732600627c004bfd8af5f384857b6ef2371f22660da88b01ea"
  solver-name = "gps-cdcl"
  solver-version = 1
